
Microsoft Visual Studio Solution File, Format Version 12.00
# Visual Studio 15
VisualStudioVersion = 15.0.28307.421
MinimumVisualStudioVersion = 10.0.40219.1
Project("{FAE04EC0-301F-11D3-BF4B-00C04F79EFBC}") = "API Rest", "API Rest\API Rest.csproj", "{D4307C29-42BC-4723-A9D6-5DBD8FE69835}"
EndProject
Global
	GlobalSection(SolutionConfigurationPlatforms) = preSolution
		Debug|Any CPU = Debug|Any CPU
		Release|Any CPU = Release|Any CPU
	EndGlobalSection
	GlobalSection(ProjectConfigurationPlatforms) = postSolution
		{D4307C29-42BC-4723-A9D6-5DBD8FE69835}.Debug|Any CPU.ActiveCfg = Debug|Any CPU
		{D4307C29-42BC-4723-A9D6-5DBD8FE69835}.Debug|Any CPU.Build.0 = Debug|Any CPU
		{D4307C29-42BC-4723-A9D6-5DBD8FE69835}.Release|Any CPU.ActiveCfg = Release|Any CPU
		{D4307C29-42BC-4723-A9D6-5DBD8FE69835}.Release|Any CPU.Build.0 = Release|Any CPU
	EndGlobalSection
	GlobalSection(SolutionProperties) = preSolution
		HideSolutionNode = FALSE
	EndGlobalSection
	GlobalSection(ExtensibilityGlobals) = postSolution
		SolutionGuid = {FA739F87-BDE8-4A9A-8C90-93178E47C93A}
	EndGlobalSection
EndGlobal
